
Microsoft Visual Studio Solution File, Format Version 12.00
# Visual Studio Version 17
VisualStudioVersion = 17.7.34031.279
MinimumVisualStudioVersion = 10.0.40219.1
Project("{9A19103F-16F7-4668-BE54-9A1E7A4F7556}") = "BookStore", "BookStore\BookStore.csproj", "{B2909BCF-F45B-430D-8CC1-9B05AF792959}"
EndProject
Global
	GlobalSection(SolutionConfigurationPlatforms) = preSolution
		Debug|Any CPU = Debug|Any CPU
		Release|Any CPU = Release|Any CPU
	EndGlobalSection
	GlobalSection(ProjectConfigurationPlatforms) = postSolution
		{B2909BCF-F45B-430D-8CC1-9B05AF792959}.Debug|Any CPU.ActiveCfg = Debug|Any CPU
		{B2909BCF-F45B-430D-8CC1-9B05AF792959}.Debug|Any CPU.Build.0 = Debug|Any CPU
		{B2909BCF-F45B-430D-8CC1-9B05AF792959}.Release|Any CPU.ActiveCfg = Release|Any CPU
		{B2909BCF-F45B-430D-8CC1-9B05AF792959}.Release|Any CPU.Build.0 = Release|Any CPU
	EndGlobalSection
	GlobalSection(SolutionProperties) = preSolution
		HideSolutionNode = FALSE
	EndGlobalSection
	GlobalSection(ExtensibilityGlobals) = postSolution
		SolutionGuid = {3E3DBDA0-924F-4E09-8507-B9CF130C3F77}
	EndGlobalSection
EndGlobal
